{
  "pins" : [
    {
      "identity" : "swiftformat",
      "kind" : "remoteSourceControl",
      "location" : "https://github.com/nicklockwood/SwiftFormat",
      "state" : {
        "revision" : "1d02d0f54a5123c3ef67084b318f4421427b7a51",
        "version" : "0.56.2"
      }
    }
  ],
  "version" : 2
}
