// !$*UTF8*$!
{
	archiveVersion = 1;
	classes = {
	};
	objectVersion = 77;
	objects = {

/* Begin PBXBuildFile section */
		EC34BA7D2D8861F600EB6C90 /* CoreNetworking in Frameworks */ = {isa = PBXBuildFile; productRef = EC34BA7C2D8861F600EB6C90 /* CoreNetworking */; };
/* End PBXBuildFile section */

/* Begin PBXContainerItemProxy section */
		EC34BB922D92FE6D00EB6C90 /* PBXContainerItemProxy */ = {
			isa = PBXContainerItemProxy;
			containerPortal = EC34BA602D8861DF00EB6C90 /* Project object */;
			proxyType = 1;
			remoteGlobalIDString = EC34BA672D8861DF00EB6C90;
			remoteInfo = CriptoWallet;
		};
		ECAC1B102D93077300E4139C /* PBXContainerItemProxy */ = {
			isa = PBXContainerItemProxy;
			containerPortal = EC34BA602D8861DF00EB6C90 /* Project object */;
			proxyType = 1;
			remoteGlobalIDString = EC34BA672D8861DF00EB6C90;
			remoteInfo = CriptoWallet;
		};
/* End PBXContainerItemProxy section */

/* Begin PBXFileReference section */
		EC34BA682D8861DF00EB6C90 /* CriptoWallet.app */ = {isa = PBXFileReference; explicitFileType = wrapper.application; includeInIndex = 0; path = CriptoWallet.app; sourceTree = BUILT_PRODUCTS_DIR; };
		EC34BB8C2D92FE6D00EB6C90 /* CriptoWalletUITests.xctest */ = {isa = PBXFileReference; explicitFileType = wrapper.cfbundle; includeInIndex = 0; path = CriptoWalletUITests.xctest; sourceTree = BUILT_PRODUCTS_DIR; };
		ECAC1B0C2D93077300E4139C /* CriptoWalletTests.xctest */ = {isa = PBXFileReference; explicitFileType = wrapper.cfbundle; includeInIndex = 0; path = CriptoWalletTests.xctest; sourceTree = BUILT_PRODUCTS_DIR; };
		ECFC6EF52D932B51008F47AF /* CriptoWallet.xctestplan */ = {isa = PBXFileReference; lastKnownFileType = text; path = CriptoWallet.xctestplan; sourceTree = "<group>"; };
/* End PBXFileReference section */

/* Begin PBXFileSystemSynchronizedRootGroup section */
		EC34BA6A2D8861DF00EB6C90 /* CriptoWallet */ = {
			isa = PBXFileSystemSynchronizedRootGroup;
			path = CriptoWallet;
			sourceTree = "<group>";
		};
		ECAC1B0D2D93077300E4139C /* CriptoWalletTests */ = {
			isa = PBXFileSystemSynchronizedRootGroup;
			path = CriptoWalletTests;
			sourceTree = "<group>";
		};
/* End PBXFileSystemSynchronizedRootGroup section */

/* Begin PBXFrameworksBuildPhase section */
		EC34BA652D8861DF00EB6C90 /* Frameworks */ = {
			isa = PBXFrameworksBuildPhase;
			buildActionMask = 2147483647;
			files = (
				EC34BA7D2D8861F600EB6C90 /* CoreNetworking in Frameworks */,
			);
			runOnlyForDeploymentPostprocessing = 0;
		};
		EC34BB892D92FE6D00EB6C90 /* Frameworks */ = {
			isa = PBXFrameworksBuildPhase;
			buildActionMask = 2147483647;
			files = (
			);
			runOnlyForDeploymentPostprocessing = 0;
		};
		ECAC1B092D93077300E4139C /* Frameworks */ = {
			isa = PBXFrameworksBuildPhase;
			buildActionMask = 2147483647;
			files = (
			);
			runOnlyForDeploymentPostprocessing = 0;
		};
/* End PBXFrameworksBuildPhase section */

/* Begin PBXGroup section */
		EC34BA5F2D8861DF00EB6C90 = {
			isa = PBXGroup;
			children = (
				ECFC6EF52D932B51008F47AF /* CriptoWallet.xctestplan */,
				EC34BA6A2D8861DF00EB6C90 /* CriptoWallet */,
				ECAC1B0D2D93077300E4139C /* CriptoWalletTests */,
				EC34BA692D8861DF00EB6C90 /* Products */,
			);
			sourceTree = "<group>";
		};
		EC34BA692D8861DF00EB6C90 /* Products */ = {
			isa = PBXGroup;
			children = (
				EC34BA682D8861DF00EB6C90 /* CriptoWallet.app */,
				EC34BB8C2D92FE6D00EB6C90 /* CriptoWalletUITests.xctest */,
				ECAC1B0C2D93077300E4139C /* CriptoWalletTests.xctest */,
			);
			name = Products;
			sourceTree = "<group>";
		};
/* End PBXGroup section */

/* Begin PBXNativeTarget section */
		EC34BA672D8861DF00EB6C90 /* CriptoWallet */ = {
			isa = PBXNativeTarget;
			buildConfigurationList = EC34BA782D8861E000EB6C90 /* Build configuration list for PBXNativeTarget "CriptoWallet" */;
			buildPhases = (
				EC34BA642D8861DF00EB6C90 /* Sources */,
				EC34BA652D8861DF00EB6C90 /* Frameworks */,
				EC34BA662D8861DF00EB6C90 /* Resources */,
			);
			buildRules = (
			);
			dependencies = (
			);
			fileSystemSynchronizedGroups = (
				EC34BA6A2D8861DF00EB6C90 /* CriptoWallet */,
			);
			name = CriptoWallet;
			packageProductDependencies = (
				EC34BA7C2D8861F600EB6C90 /* CoreNetworking */,
			);
			productName = CriptoWallet;
			productReference = EC34BA682D8861DF00EB6C90 /* CriptoWallet.app */;
			productType = "com.apple.product-type.application";
		};
		EC34BB8B2D92FE6D00EB6C90 /* CriptoWalletUITests */ = {
			isa = PBXNativeTarget;
			buildConfigurationList = EC34BB942D92FE6D00EB6C90 /* Build configuration list for PBXNativeTarget "CriptoWalletUITests" */;
			buildPhases = (
				EC34BB882D92FE6D00EB6C90 /* Sources */,
				EC34BB892D92FE6D00EB6C90 /* Frameworks */,
				EC34BB8A2D92FE6D00EB6C90 /* Resources */,
			);
			buildRules = (
			);
			dependencies = (
				EC34BB932D92FE6D00EB6C90 /* PBXTargetDependency */,
			);
			name = CriptoWalletUITests;
			packageProductDependencies = (
			);
			productName = CriptoWalletUITests;
			productReference = EC34BB8C2D92FE6D00EB6C90 /* CriptoWalletUITests.xctest */;
			productType = "com.apple.product-type.bundle.ui-testing";
		};
		ECAC1B0B2D93077300E4139C /* CriptoWalletTests */ = {
			isa = PBXNativeTarget;
			buildConfigurationList = ECAC1B142D93077300E4139C /* Build configuration list for PBXNativeTarget "CriptoWalletTests" */;
			buildPhases = (
				ECAC1B082D93077300E4139C /* Sources */,
				ECAC1B092D93077300E4139C /* Frameworks */,
				ECAC1B0A2D93077300E4139C /* Resources */,
			);
			buildRules = (
			);
			dependencies = (
				ECAC1B112D93077300E4139C /* PBXTargetDependency */,
			);
			fileSystemSynchronizedGroups = (
				ECAC1B0D2D93077300E4139C /* CriptoWalletTests */,
			);
			name = CriptoWalletTests;
			packageProductDependencies = (
			);
			productName = CriptoWalletTests;
			productReference = ECAC1B0C2D93077300E4139C /* CriptoWalletTests.xctest */;
			productType = "com.apple.product-type.bundle.unit-test";
		};
/* End PBXNativeTarget section */

/* Begin PBXProject section */
		EC34BA602D8861DF00EB6C90 /* Project object */ = {
			isa = PBXProject;
			attributes = {
				BuildIndependentTargetsInParallel = 1;
				LastSwiftUpdateCheck = 1600;
				LastUpgradeCheck = 1600;
				TargetAttributes = {
					EC34BA672D8861DF00EB6C90 = {
						CreatedOnToolsVersion = 16.0;
					};
					EC34BB8B2D92FE6D00EB6C90 = {
						CreatedOnToolsVersion = 16.0;
						TestTargetID = EC34BA672D8861DF00EB6C90;
					};
					ECAC1B0B2D93077300E4139C = {
						CreatedOnToolsVersion = 16.0;
						TestTargetID = EC34BA672D8861DF00EB6C90;
					};
				};
			};
			buildConfigurationList = EC34BA632D8861DF00EB6C90 /* Build configuration list for PBXProject "CriptoWallet" */;
			developmentRegion = en;
			hasScannedForEncodings = 0;
			knownRegions = (
				en,
				Base,
			);
			mainGroup = EC34BA5F2D8861DF00EB6C90;
			minimizedProjectReferenceProxies = 1;
			packageReferences = (
				EC34BA7B2D8861F600EB6C90 /* XCRemoteSwiftPackageReference "CoreNetworking" */,
			);
			preferredProjectObjectVersion = 77;
			productRefGroup = EC34BA692D8861DF00EB6C90 /* Products */;
			projectDirPath = "";
			projectRoot = "";
			targets = (
				EC34BA672D8861DF00EB6C90 /* CriptoWallet */,
				EC34BB8B2D92FE6D00EB6C90 /* CriptoWalletUITests */,
				ECAC1B0B2D93077300E4139C /* CriptoWalletTests */,
			);
		};
/* End PBXProject section */

/* Begin PBXResourcesBuildPhase section */
		EC34BA662D8861DF00EB6C90 /* Resources */ = {
			isa = PBXResourcesBuildPhase;
			buildActionMask = 2147483647;
			files = (
			);
			runOnlyForDeploymentPostprocessing = 0;
		};
		EC34BB8A2D92FE6D00EB6C90 /* Resources */ = {
			isa = PBXResourcesBuildPhase;
			buildActionMask = 2147483647;
			files = (
			);
			runOnlyForDeploymentPostprocessing = 0;
		};
		ECAC1B0A2D93077300E4139C /* Resources */ = {
			isa = PBXResourcesBuildPhase;
			buildActionMask = 2147483647;
			files = (
			);
			runOnlyForDeploymentPostprocessing = 0;
		};
/* End PBXResourcesBuildPhase section */

/* Begin PBXSourcesBuildPhase section */
		EC34BA642D8861DF00EB6C90 /* Sources */ = {
			isa = PBXSourcesBuildPhase;
			buildActionMask = 2147483647;
			files = (
			);
			runOnlyForDeploymentPostprocessing = 0;
		};
		EC34BB882D92FE6D00EB6C90 /* Sources */ = {
			isa = PBXSourcesBuildPhase;
			buildActionMask = 2147483647;
			files = (
			);
			runOnlyForDeploymentPostprocessing = 0;
		};
		ECAC1B082D93077300E4139C /* Sources */ = {
			isa = PBXSourcesBuildPhase;
			buildActionMask = 2147483647;
			files = (
			);
			runOnlyForDeploymentPostprocessing = 0;
		};
/* End PBXSourcesBuildPhase section */

/* Begin PBXTargetDependency section */
		EC34BB932D92FE6D00EB6C90 /* PBXTargetDependency */ = {
			isa = PBXTargetDependency;
			target = EC34BA672D8861DF00EB6C90 /* CriptoWallet */;
			targetProxy = EC34BB922D92FE6D00EB6C90 /* PBXContainerItemProxy */;
		};
		ECAC1B112D93077300E4139C /* PBXTargetDependency */ = {
			isa = PBXTargetDependency;
			target = EC34BA672D8861DF00EB6C90 /* CriptoWallet */;
			targetProxy = ECAC1B102D93077300E4139C /* PBXContainerItemProxy */;
		};
/* End PBXTargetDependency section */

/* Begin XCBuildConfiguration section */
		EC34BA762D8861E000EB6C90 /* Debug */ = {
			isa = XCBuildConfiguration;
			buildSettings = {
				ALWAYS_SEARCH_USER_PATHS = NO;
				ASSETCATALOG_COMPILER_GENERATE_SWIFT_ASSET_SYMBOL_EXTENSIONS = YES;
				CLANG_ANALYZER_NONNULL = YES;
				CLANG_ANALYZER_NUMBER_OBJECT_CONVERSION = YES_AGGRESSIVE;
				CLANG_CXX_LANGUAGE_STANDARD = "gnu++20";
				CLANG_ENABLE_MODULES = YES;
				CLANG_ENABLE_OBJC_ARC = YES;
				CLANG_ENABLE_OBJC_WEAK = YES;
				CLANG_WARN_BLOCK_CAPTURE_AUTORELEASING = YES;
				CLANG_WARN_BOOL_CONVERSION = YES;
				CLANG_WARN_COMMA = YES;
				CLANG_WARN_CONSTANT_CONVERSION = YES;
				CLANG_WARN_DEPRECATED_OBJC_IMPLEMENTATIONS = YES;
				CLANG_WARN_DIRECT_OBJC_ISA_USAGE = YES_ERROR;
				CLANG_WARN_DOCUMENTATION_COMMENTS = YES;
				CLANG_WARN_EMPTY_BODY = YES;
				CLANG_WARN_ENUM_CONVERSION = YES;
				CLANG_WARN_INFINITE_RECURSION = YES;
				CLANG_WARN_INT_CONVERSION = YES;
				CLANG_WARN_NON_LITERAL_NULL_CONVERSION = YES;
				CLANG_WARN_OBJC_IMPLICIT_RETAIN_SELF = YES;
				CLANG_WARN_OBJC_LITERAL_CONVERSION = YES;
				CLANG_WARN_OBJC_ROOT_CLASS = YES_ERROR;
				CLANG_WARN_QUOTED_INCLUDE_IN_FRAMEWORK_HEADER = YES;
				CLANG_WARN_RANGE_LOOP_ANALYSIS = YES;
				CLANG_WARN_STRICT_PROTOTYPES = YES;
				CLANG_WARN_SUSPICIOUS_MOVE = YES;
				CLANG_WARN_UNGUARDED_AVAILABILITY = YES_AGGRESSIVE;
				CLANG_WARN_UNREACHABLE_CODE = YES;
				CLANG_WARN__DUPLICATE_METHOD_MATCH = YES;
				COPY_PHASE_STRIP = NO;
				DEBUG_INFORMATION_FORMAT = dwarf;
				ENABLE_STRICT_OBJC_MSGSEND = YES;
				ENABLE_TESTABILITY = YES;
				ENABLE_USER_SCRIPT_SANDBOXING = YES;
				GCC_C_LANGUAGE_STANDARD = gnu17;
				GCC_DYNAMIC_NO_PIC = NO;
				GCC_NO_COMMON_BLOCKS = YES;
				GCC_OPTIMIZATION_LEVEL = 0;
				GCC_PREPROCESSOR_DEFINITIONS = (
					"DEBUG=1",
					"$(inherited)",
				);
				GCC_WARN_64_TO_32_BIT_CONVERSION = YES;
				GCC_WARN_ABOUT_RETURN_TYPE = YES_ERROR;
				GCC_WARN_UNDECLARED_SELECTOR = YES;
				GCC_WARN_UNINITIALIZED_AUTOS = YES_AGGRESSIVE;
				GCC_WARN_UNUSED_FUNCTION = YES;
				GCC_WARN_UNUSED_VARIABLE = YES;
				IPHONEOS_DEPLOYMENT_TARGET = 18.0;
				LOCALIZATION_PREFERS_STRING_CATALOGS = YES;
				MTL_ENABLE_DEBUG_INFO = INCLUDE_SOURCE;
				MTL_FAST_MATH = YES;
				ONLY_ACTIVE_ARCH = YES;
				SDKROOT = iphoneos;
				SWIFT_ACTIVE_COMPILATION_CONDITIONS = "DEBUG $(inherited)";
				SWIFT_OPTIMIZATION_LEVEL = "-Onone";
			};
			name = Debug;
		};
		EC34BA772D8861E000EB6C90 /* Release */ = {
			isa = XCBuildConfiguration;
			buildSettings = {
				ALWAYS_SEARCH_USER_PATHS = NO;
				ASSETCATALOG_COMPILER_GENERATE_SWIFT_ASSET_SYMBOL_EXTENSIONS = YES;
				CLANG_ANALYZER_NONNULL = YES;
				CLANG_ANALYZER_NUMBER_OBJECT_CONVERSION = YES_AGGRESSIVE;
				CLANG_CXX_LANGUAGE_STANDARD = "gnu++20";
				CLANG_ENABLE_MODULES = YES;
				CLANG_ENABLE_OBJC_ARC = YES;
				CLANG_ENABLE_OBJC_WEAK = YES;
				CLANG_WARN_BLOCK_CAPTURE_AUTORELEASING = YES;
				CLANG_WARN_BOOL_CONVERSION = YES;
				CLANG_WARN_COMMA = YES;
				CLANG_WARN_CONSTANT_CONVERSION = YES;
				CLANG_WARN_DEPRECATED_OBJC_IMPLEMENTATIONS = YES;
				CLANG_WARN_DIRECT_OBJC_ISA_USAGE = YES_ERROR;
				CLANG_WARN_DOCUMENTATION_COMMENTS = YES;
				CLANG_WARN_EMPTY_BODY = YES;
				CLANG_WARN_ENUM_CONVERSION = YES;
				CLANG_WARN_INFINITE_RECURSION = YES;
				CLANG_WARN_INT_CONVERSION = YES;
				CLANG_WARN_NON_LITERAL_NULL_CONVERSION = YES;
				CLANG_WARN_OBJC_IMPLICIT_RETAIN_SELF = YES;
				CLANG_WARN_OBJC_LITERAL_CONVERSION = YES;
				CLANG_WARN_OBJC_ROOT_CLASS = YES_ERROR;
				CLANG_WARN_QUOTED_INCLUDE_IN_FRAMEWORK_HEADER = YES;
				CLANG_WARN_RANGE_LOOP_ANALYSIS = YES;
				CLANG_WARN_STRICT_PROTOTYPES = YES;
				CLANG_WARN_SUSPICIOUS_MOVE = YES;
				CLANG_WARN_UNGUARDED_AVAILABILITY = YES_AGGRESSIVE;
				CLANG_WARN_UNREACHABLE_CODE = YES;
				CLANG_WARN__DUPLICATE_METHOD_MATCH = YES;
				COPY_PHASE_STRIP = NO;
				DEBUG_INFORMATION_FORMAT = "dwarf-with-dsym";
				ENABLE_NS_ASSERTIONS = NO;
				ENABLE_STRICT_OBJC_MSGSEND = YES;
				ENABLE_USER_SCRIPT_SANDBOXING = YES;
				GCC_C_LANGUAGE_STANDARD = gnu17;
				GCC_NO_COMMON_BLOCKS = YES;
				GCC_WARN_64_TO_32_BIT_CONVERSION = YES;
				GCC_WARN_ABOUT_RETURN_TYPE = YES_ERROR;
				GCC_WARN_UNDECLARED_SELECTOR = YES;
				GCC_WARN_UNINITIALIZED_AUTOS = YES_AGGRESSIVE;
				GCC_WARN_UNUSED_FUNCTION = YES;
				GCC_WARN_UNUSED_VARIABLE = YES;
				IPHONEOS_DEPLOYMENT_TARGET = 18.0;
				LOCALIZATION_PREFERS_STRING_CATALOGS = YES;
				MTL_ENABLE_DEBUG_INFO = NO;
				MTL_FAST_MATH = YES;
				SDKROOT = iphoneos;
				SWIFT_COMPILATION_MODE = wholemodule;
				VALIDATE_PRODUCT = YES;
			};
			name = Release;
		};
		EC34BA792D8861E000EB6C90 /* Debug */ = {
			isa = XCBuildConfiguration;
			buildSettings = {
				ASSETCATALOG_COMPILER_APPICON_NAME = AppIcon;
				ASSETCATALOG_COMPILER_GLOBAL_ACCENT_COLOR_NAME = AccentColor;
				CODE_SIGN_STYLE = Automatic;
				CURRENT_PROJECT_VERSION = 1;
				DEVELOPMENT_ASSET_PATHS = "\"CriptoWallet/Preview Content\"";
				ENABLE_PREVIEWS = YES;
				GENERATE_INFOPLIST_FILE = YES;
				INFOPLIST_KEY_UIApplicationSceneManifest_Generation = YES;
				INFOPLIST_KEY_UIApplicationSupportsIndirectInputEvents = YES;
				INFOPLIST_KEY_UILaunchScreen_Generation = YES;
				INFOPLIST_KEY_UISupportedInterfaceOrientations_iPad = "UIInterfaceOrientationPortrait UIInterfaceOrientationPortraitUpsideDown UIInterfaceOrientationLandscapeLeft UIInterfaceOrientationLandscapeRight";
				INFOPLIST_KEY_UISupportedInterfaceOrientations_iPhone = "UIInterfaceOrientationPortrait UIInterfaceOrientationLandscapeLeft UIInterfaceOrientationLandscapeRight";
				LD_RUNPATH_SEARCH_PATHS = (
					"$(inherited)",
					"@executable_path/Frameworks",
				);
				MARKETING_VERSION = 1.0;
				PRODUCT_BUNDLE_IDENTIFIER = marian.CriptoWallet;
				PRODUCT_NAME = "$(TARGET_NAME)";
				SWIFT_EMIT_LOC_STRINGS = YES;
				SWIFT_VERSION = 5.0;
				TARGETED_DEVICE_FAMILY = "1,2";
			};
			name = Debug;
		};
		EC34BA7A2D8861E000EB6C90 /* Release */ = {
			isa = XCBuildConfiguration;
			buildSettings = {
				ASSETCATALOG_COMPILER_APPICON_NAME = AppIcon;
				ASSETCATALOG_COMPILER_GLOBAL_ACCENT_COLOR_NAME = AccentColor;
				CODE_SIGN_STYLE = Automatic;
				CURRENT_PROJECT_VERSION = 1;
				DEVELOPMENT_ASSET_PATHS = "\"CriptoWallet/Preview Content\"";
				ENABLE_PREVIEWS = YES;
				GENERATE_INFOPLIST_FILE = YES;
				INFOPLIST_KEY_UIApplicationSceneManifest_Generation = YES;
				INFOPLIST_KEY_UIApplicationSupportsIndirectInputEvents = YES;
				INFOPLIST_KEY_UILaunchScreen_Generation = YES;
				INFOPLIST_KEY_UISupportedInterfaceOrientations_iPad = "UIInterfaceOrientationPortrait UIInterfaceOrientationPortraitUpsideDown UIInterfaceOrientationLandscapeLeft UIInterfaceOrientationLandscapeRight";
				INFOPLIST_KEY_UISupportedInterfaceOrientations_iPhone = "UIInterfaceOrientationPortrait UIInterfaceOrientationLandscapeLeft UIInterfaceOrientationLandscapeRight";
				LD_RUNPATH_SEARCH_PATHS = (
					"$(inherited)",
					"@executable_path/Frameworks",
				);
				MARKETING_VERSION = 1.0;
				PRODUCT_BUNDLE_IDENTIFIER = marian.CriptoWallet;
				PRODUCT_NAME = "$(TARGET_NAME)";
				SWIFT_EMIT_LOC_STRINGS = YES;
				SWIFT_VERSION = 5.0;
				TARGETED_DEVICE_FAMILY = "1,2";
			};
			name = Release;
		};
		EC34BB952D92FE6D00EB6C90 /* Debug */ = {
			isa = XCBuildConfiguration;
			buildSettings = {
				CODE_SIGN_STYLE = Automatic;
				CURRENT_PROJECT_VERSION = 1;
				GENERATE_INFOPLIST_FILE = YES;
				MARKETING_VERSION = 1.0;
				PRODUCT_BUNDLE_IDENTIFIER = marian.CriptoWallet.CriptoWalletUITests;
				PRODUCT_NAME = "$(TARGET_NAME)";
				SWIFT_EMIT_LOC_STRINGS = NO;
				SWIFT_VERSION = 5.0;
				TARGETED_DEVICE_FAMILY = "1,2";
				TEST_TARGET_NAME = CriptoWallet;
			};
			name = Debug;
		};
		EC34BB962D92FE6D00EB6C90 /* Release */ = {
			isa = XCBuildConfiguration;
			buildSettings = {
				CODE_SIGN_STYLE = Automatic;
				CURRENT_PROJECT_VERSION = 1;
				GENERATE_INFOPLIST_FILE = YES;
				MARKETING_VERSION = 1.0;
				PRODUCT_BUNDLE_IDENTIFIER = marian.CriptoWallet.CriptoWalletUITests;
				PRODUCT_NAME = "$(TARGET_NAME)";
				SWIFT_EMIT_LOC_STRINGS = NO;
				SWIFT_VERSION = 5.0;
				TARGETED_DEVICE_FAMILY = "1,2";
				TEST_TARGET_NAME = CriptoWallet;
			};
			name = Release;
		};
		ECAC1B122D93077300E4139C /* Debug */ = {
			isa = XCBuildConfiguration;
			buildSettings = {
				BUNDLE_LOADER = "$(TEST_HOST)";
				CODE_SIGN_STYLE = Automatic;
				CURRENT_PROJECT_VERSION = 1;
				GENERATE_INFOPLIST_FILE = YES;
				MARKETING_VERSION = 1.0;
				PRODUCT_BUNDLE_IDENTIFIER = marian.CriptoWalletTests;
				PRODUCT_NAME = "$(TARGET_NAME)";
				SWIFT_EMIT_LOC_STRINGS = NO;
				SWIFT_VERSION = 5.0;
				TARGETED_DEVICE_FAMILY = "1,2";
				TEST_HOST = "$(BUILT_PRODUCTS_DIR)/CriptoWallet.app/$(BUNDLE_EXECUTABLE_FOLDER_PATH)/CriptoWallet";
			};
			name = Debug;
		};
		ECAC1B132D93077300E4139C /* Release */ = {
			isa = XCBuildConfiguration;
			buildSettings = {
				BUNDLE_LOADER = "$(TEST_HOST)";
				CODE_SIGN_STYLE = Automatic;
				CURRENT_PROJECT_VERSION = 1;
				GENERATE_INFOPLIST_FILE = YES;
				MARKETING_VERSION = 1.0;
				PRODUCT_BUNDLE_IDENTIFIER = marian.CriptoWalletTests;
				PRODUCT_NAME = "$(TARGET_NAME)";
				SWIFT_EMIT_LOC_STRINGS = NO;
				SWIFT_VERSION = 5.0;
				TARGETED_DEVICE_FAMILY = "1,2";
				TEST_HOST = "$(BUILT_PRODUCTS_DIR)/CriptoWallet.app/$(BUNDLE_EXECUTABLE_FOLDER_PATH)/CriptoWallet";
			};
			name = Release;
		};
/* End XCBuildConfiguration section */

/* Begin XCConfigurationList section */
		EC34BA632D8861DF00EB6C90 /* Build configuration list for PBXProject "CriptoWallet" */ = {
			isa = XCConfigurationList;
			buildConfigurations = (
				EC34BA762D8861E000EB6C90 /* Debug */,
				EC34BA772D8861E000EB6C90 /* Release */,
			);
			defaultConfigurationIsVisible = 0;
			defaultConfigurationName = Release;
		};
		EC34BA782D8861E000EB6C90 /* Build configuration list for PBXNativeTarget "CriptoWallet" */ = {
			isa = XCConfigurationList;
			buildConfigurations = (
				EC34BA792D8861E000EB6C90 /* Debug */,
				EC34BA7A2D8861E000EB6C90 /* Release */,
			);
			defaultConfigurationIsVisible = 0;
			defaultConfigurationName = Release;
		};
		EC34BB942D92FE6D00EB6C90 /* Build configuration list for PBXNativeTarget "CriptoWalletUITests" */ = {
			isa = XCConfigurationList;
			buildConfigurations = (
				EC34BB952D92FE6D00EB6C90 /* Debug */,
				EC34BB962D92FE6D00EB6C90 /* Release */,
			);
			defaultConfigurationIsVisible = 0;
			defaultConfigurationName = Release;
		};
		ECAC1B142D93077300E4139C /* Build configuration list for PBXNativeTarget "CriptoWalletTests" */ = {
			isa = XCConfigurationList;
			buildConfigurations = (
				ECAC1B122D93077300E4139C /* Debug */,
				ECAC1B132D93077300E4139C /* Release */,
			);
			defaultConfigurationIsVisible = 0;
			defaultConfigurationName = Release;
		};
/* End XCConfigurationList section */

/* Begin XCRemoteSwiftPackageReference section */
		EC34BA7B2D8861F600EB6C90 /* XCRemoteSwiftPackageReference "CoreNetworking" */ = {
			isa = XCRemoteSwiftPackageReference;
			repositoryURL = "https://github.com/mdb1/CoreNetworking.git";
			requirement = {
				kind = upToNextMajorVersion;
				minimumVersion = 0.1.1;
			};
		};
/* End XCRemoteSwiftPackageReference section */

/* Begin XCSwiftPackageProductDependency section */
		EC34BA7C2D8861F600EB6C90 /* CoreNetworking */ = {
			isa = XCSwiftPackageProductDependency;
			package = EC34BA7B2D8861F600EB6C90 /* XCRemoteSwiftPackageReference "CoreNetworking" */;
			productName = CoreNetworking;
		};
/* End XCSwiftPackageProductDependency section */
	};
	rootObject = EC34BA602D8861DF00EB6C90 /* Project object */;
}
